// !$*UTF8*$!
{
	archiveVersion = 1;
	classes = {
	};
	objectVersion = 50;
	objects = {

/* Begin PBXBuildFile section */
		00C650112A1094E3FBEDC40E /* TOCropViewControllerLocalizable.strings in Resources */ = {isa = PBXBuildFile; fileRef = 0048D89C313D21BE363423E3 /* TOCropViewControllerLocalizable.strings */; };
		1A923722BF566896119B6B50 /* TOCropScrollView.m in Sources */ = {isa = PBXBuildFile; fileRef = 8529F711CD5DD3512CE75BC4 /* TOCropScrollView.m */; };
		205325D036B3C53F57BDE2B3 /* TOCropView.h in Headers */ = {isa = PBXBuildFile; fileRef = 05CCBD6A25E8FB9F38A4EB55 /* TOCropView.h */; settings = {ATTRIBUTES = (Public, ); }; };
		353B9CBAD0CE4B2D887DA769 /* TOCropViewController.h in Headers */ = {isa = PBXBuildFile; fileRef = D6FC8282EBA9D5F11452A409 /* TOCropViewController.h */; settings = {ATTRIBUTES = (Public, ); }; };
		393F794C1DC9A1C93E9E2391 /* TOCropViewController.framework in Dependencies */ = {isa = PBXBuildFile; fileRef = C76498B276F446667BAE4E98 /* TOCropViewController.framework */; platformFilter = ios; };
		3A28FB3D750D184244D6B6EB /* TOCropOverlayView.h in Headers */ = {isa = PBXBuildFile; fileRef = 0324E6870DE48C8FFDA6CCDE /* TOCropOverlayView.h */; settings = {ATTRIBUTES = (Public, ); }; };
		3EEEF3771F1269A5BD2CEBB2 /* TOActivityCroppedImageProvider.h in Headers */ = {isa = PBXBuildFile; fileRef = 01072E0BC095721AC6055643 /* TOActivityCroppedImageProvider.h */; settings = {ATTRIBUTES = (Public, ); }; };
		412377F2BEBFA0ABD6C9AD5A /* TOCropToolbar.m in Sources */ = {isa = PBXBuildFile; fileRef = 0F51802EDD6559571768D4BA /* TOCropToolbar.m */; };
		52062BF463B507E7FD1FE8B3 /* TOCropView.m in Sources */ = {isa = PBXBuildFile; fileRef = D374A50D680453AA75D8A247 /* TOCropView.m */; };
		570302EF81AA440CE8F09893 /* TOCropToolbar.h in Headers */ = {isa = PBXBuildFile; fileRef = CB3649BF443FF75FD79B2012 /* TOCropToolbar.h */; settings = {ATTRIBUTES = (Public, ); }; };
		648337863419D4E8B10AA6CC /* TOCropScrollView.h in Headers */ = {isa = PBXBuildFile; fileRef = 7F6720AD1F927E3F1EBE6811 /* TOCropScrollView.h */; settings = {ATTRIBUTES = (Public, ); }; };
		6EE0BB6529CB1769AB43156F /* TOCropViewControllerTransitioning.h in Headers */ = {isa = PBXBuildFile; fileRef = 27F75DA11FB1757CEBC34CC6 /* TOCropViewControllerTransitioning.h */; settings = {ATTRIBUTES = (Public, ); }; };
		82A355738C5FDFB4C2AA42BC /* UIImage+CropRotate.m in Sources */ = {isa = PBXBuildFile; fileRef = 58D4348DFE3DFA786A8046D1 /* UIImage+CropRotate.m */; };
		8F8AC6C5D207E3113BCFB31C /* UIImage+CropRotate.h in Headers */ = {isa = PBXBuildFile; fileRef = 42E0DE7245954E8E158B7E27 /* UIImage+CropRotate.h */; settings = {ATTRIBUTES = (Public, ); }; };
		AA979F6C6A76DD99DBB059EC /* CropViewController.swift in Sources */ = {isa = PBXBuildFile; fileRef = 6E2217577C8A8465D0B1314C /* CropViewController.swift */; };
		B076B20EABC94044CD228027 /* TOCroppedImageAttributes.h in Headers */ = {isa = PBXBuildFile; fileRef = 9F1CAF1E2B45BEE3FB2BA6CD /* TOCroppedImageAttributes.h */; settings = {ATTRIBUTES = (Public, ); }; };
		B501976C9B84BECA6B8772D7 /* TOCroppedImageAttributes.m in Sources */ = {isa = PBXBuildFile; fileRef = 760637F6C025F736D0EC1B20 /* TOCroppedImageAttributes.m */; };
		B892B07743863ACCE54BBA64 /* TOCropViewConstants.h in Headers */ = {isa = PBXBuildFile; fileRef = 9842AAD625607097CD63AF60 /* TOCropViewConstants.h */; settings = {ATTRIBUTES = (Public, ); }; };
		D438796FFD4431D3AA2A7746 /* TOActivityCroppedImageProvider.m in Sources */ = {isa = PBXBuildFile; fileRef = B1319F3D70F73E73F116A31E /* TOActivityCroppedImageProvider.m */; };
		DC6E0D558F1D0EA866B5C186 /* TOCropViewControllerTransitioning.m in Sources */ = {isa = PBXBuildFile; fileRef = 82783D35404F9258B3E7694F /* TOCropViewControllerTransitioning.m */; };
		DC92FF0A745000AD467E57D9 /* TOCropViewController.m in Sources */ = {isa = PBXBuildFile; fileRef = BF8A00C614990FFE8BFDEC30 /* TOCropViewController.m */; };
		EDC6EB519C450C2B6A438824 /* TuistBundle+TOCropViewController.swift in Sources */ = {isa = PBXBuildFile; fileRef = C306BBCD548EABAFBB50F5CA /* TuistBundle+TOCropViewController.swift */; };
		F31F438AC893B7AD996590F3 /* TOCropOverlayView.m in Sources */ = {isa = PBXBuildFile; fileRef = 005E10F9C97CB5C7B23F924C /* TOCropOverlayView.m */; };
/* End PBXBuildFile section */

/* Begin PBXContainerItemProxy section */
		100B16408BAE68A54AE68F0B /* PBXContainerItemProxy */ = {
			isa = PBXContainerItemProxy;
			containerPortal = 68579900D80B8197EC78A27A /* Project object */;
			proxyType = 1;
			remoteGlobalIDString = A8E406F427F8A8217D5A7535;
			remoteInfo = TOCropViewController;
		};
		6B4D8DA18231AACE34A36D9A /* PBXContainerItemProxy */ = {
			isa = PBXContainerItemProxy;
			containerPortal = 68579900D80B8197EC78A27A /* Project object */;
			proxyType = 1;
			remoteGlobalIDString = 82BA6D7F8AA383EC7CB760ED;
			remoteInfo = TOCropViewController_TOCropViewController;
		};
/* End PBXContainerItemProxy section */

/* Begin PBXCopyFilesBuildPhase section */
		0427D21B5C761147745E8ADD /* Embed Frameworks */ = {
			isa = PBXCopyFilesBuildPhase;
			buildActionMask = 2147483647;
			dstPath = "";
			dstSubfolderSpec = 10;
			files = (
			);
			name = "Embed Frameworks";
			runOnlyForDeploymentPostprocessing = 0;
		};
		1A76FCCD60B929FC02B0793D /* Embed Frameworks */ = {
			isa = PBXCopyFilesBuildPhase;
			buildActionMask = 2147483647;
			dstPath = "";
			dstSubfolderSpec = 10;
			files = (
			);
			name = "Embed Frameworks";
			runOnlyForDeploymentPostprocessing = 0;
		};
		53FF1A09A6143CA8E8A87B4C /* Dependencies */ = {
			isa = PBXCopyFilesBuildPhase;
			buildActionMask = 8;
			dstSubfolderSpec = 16;
			files = (
				393F794C1DC9A1C93E9E2391 /* TOCropViewController.framework in Dependencies */,
			);
			name = Dependencies;
			runOnlyForDeploymentPostprocessing = 1;
		};
		BD68F1FDDABFA619F81012E7 /* Embed Frameworks */ = {
			isa = PBXCopyFilesBuildPhase;
			buildActionMask = 2147483647;
			dstPath = "";
			dstSubfolderSpec = 10;
			files = (
			);
			name = "Embed Frameworks";
			runOnlyForDeploymentPostprocessing = 0;
		};
/* End PBXCopyFilesBuildPhase section */

/* Begin PBXFileReference section */
		005E10F9C97CB5C7B23F924C /* TOCropOverlayView.m */ = {isa = PBXFileReference; lastKnownFileType = sourcecode.c.objc; path = TOCropOverlayView.m; sourceTree = "<group>"; };
		0084C2A8004CEF66DB770A55 /* zh-Hant */ = {isa = PBXFileReference; lastKnownFileType = text.plist.strings; name = "zh-Hant"; path = "zh-Hant.lproj/TOCropViewControllerLocalizable.strings"; sourceTree = "<group>"; };
		01072E0BC095721AC6055643 /* TOActivityCroppedImageProvider.h */ = {isa = PBXFileReference; lastKnownFileType = sourcecode.c.h; path = TOActivityCroppedImageProvider.h; sourceTree = "<group>"; };
		0324E6870DE48C8FFDA6CCDE /* TOCropOverlayView.h */ = {isa = PBXFileReference; lastKnownFileType = sourcecode.c.h; path = TOCropOverlayView.h; sourceTree = "<group>"; };
		05CCBD6A25E8FB9F38A4EB55 /* TOCropView.h */ = {isa = PBXFileReference; lastKnownFileType = sourcecode.c.h; path = TOCropView.h; sourceTree = "<group>"; };
		07B354AB3B8FCD47761B806A /* pt */ = {isa = PBXFileReference; lastKnownFileType = text.plist.strings; name = pt; path = pt.lproj/TOCropViewControllerLocalizable.strings; sourceTree = "<group>"; };
		0EA7C311C6A60F9131DB6CFF /* ca */ = {isa = PBXFileReference; lastKnownFileType = text.plist.strings; name = ca; path = ca.lproj/TOCropViewControllerLocalizable.strings; sourceTree = "<group>"; };
		0F51802EDD6559571768D4BA /* TOCropToolbar.m */ = {isa = PBXFileReference; lastKnownFileType = sourcecode.c.objc; path = TOCropToolbar.m; sourceTree = "<group>"; };
		15B66BCC0FFE54FA316F5233 /* da-DK */ = {isa = PBXFileReference; lastKnownFileType = text.plist.strings; name = "da-DK"; path = "da-DK.lproj/TOCropViewControllerLocalizable.strings"; sourceTree = "<group>"; };
		15EE5B8028FC20B61F76A08B /* tr */ = {isa = PBXFileReference; lastKnownFileType = text.plist.strings; name = tr; path = tr.lproj/TOCropViewControllerLocalizable.strings; sourceTree = "<group>"; };
		191E2CCF59EA598427559B41 /* en */ = {isa = PBXFileReference; lastKnownFileType = text.plist.strings; name = en; path = en.lproj/TOCropViewControllerLocalizable.strings; sourceTree = "<group>"; };
		1DC04237109D780B76DBA677 /* fi */ = {isa = PBXFileReference; lastKnownFileType = text.plist.strings; name = fi; path = fi.lproj/TOCropViewControllerLocalizable.strings; sourceTree = "<group>"; };
		27F75DA11FB1757CEBC34CC6 /* TOCropViewControllerTransitioning.h */ = {isa = PBXFileReference; lastKnownFileType = sourcecode.c.h; path = TOCropViewControllerTransitioning.h; sourceTree = "<group>"; };
		2AF52B0C4BA3FE9539FBDD98 /* sk */ = {isa = PBXFileReference; lastKnownFileType = text.plist.strings; name = sk; path = sk.lproj/TOCropViewControllerLocalizable.strings; sourceTree = "<group>"; };
		34DFB265BA07D217323AAE6C /* TOCropViewController_TOCropViewController.bundle */ = {isa = PBXFileReference; explicitFileType = wrapper.cfbundle; includeInIndex = 0; path = TOCropViewController_TOCropViewController.bundle; sourceTree = BUILT_PRODUCTS_DIR; };
		42E0DE7245954E8E158B7E27 /* UIImage+CropRotate.h */ = {isa = PBXFileReference; lastKnownFileType = sourcecode.c.h; path = "UIImage+CropRotate.h"; sourceTree = "<group>"; };
		4414B6D93B428BA86A35C771 /* CropViewController-Info.plist */ = {isa = PBXFileReference; lastKnownFileType = text.plist; path = "CropViewController-Info.plist"; sourceTree = "<group>"; };
		4B6448EC2310523905169532 /* es */ = {isa = PBXFileReference; lastKnownFileType = text.plist.strings; name = es; path = es.lproj/TOCropViewControllerLocalizable.strings; sourceTree = "<group>"; };
		4B6E49D2A87C78446C637C32 /* CropViewController.framework */ = {isa = PBXFileReference; explicitFileType = wrapper.framework; includeInIndex = 0; path = CropViewController.framework; sourceTree = BUILT_PRODUCTS_DIR; };
		4CB8FDDB4A788900FD2A4C47 /* id */ = {isa = PBXFileReference; lastKnownFileType = text.plist.strings; name = id; path = id.lproj/TOCropViewControllerLocalizable.strings; sourceTree = "<group>"; };
		4E32D21588FB68CEE50C429D /* vi */ = {isa = PBXFileReference; lastKnownFileType = text.plist.strings; name = vi; path = vi.lproj/TOCropViewControllerLocalizable.strings; sourceTree = "<group>"; };
		5723AAA67AF2FEAC6F47EE1E /* ru */ = {isa = PBXFileReference; lastKnownFileType = text.plist.strings; name = ru; path = ru.lproj/TOCropViewControllerLocalizable.strings; sourceTree = "<group>"; };
		58D4348DFE3DFA786A8046D1 /* UIImage+CropRotate.m */ = {isa = PBXFileReference; lastKnownFileType = sourcecode.c.objc; path = "UIImage+CropRotate.m"; sourceTree = "<group>"; };
		6D893CD6E6994E656E1D0271 /* pl */ = {isa = PBXFileReference; lastKnownFileType = text.plist.strings; name = pl; path = pl.lproj/TOCropViewControllerLocalizable.strings; sourceTree = "<group>"; };
		6E2217577C8A8465D0B1314C /* CropViewController.swift */ = {isa = PBXFileReference; lastKnownFileType = sourcecode.swift; path = CropViewController.swift; sourceTree = "<group>"; };
		722CAB3D7197ADA750159ED6 /* cs */ = {isa = PBXFileReference; lastKnownFileType = text.plist.strings; name = cs; path = cs.lproj/TOCropViewControllerLocalizable.strings; sourceTree = "<group>"; };
		74F321BFCBD79EE736F24BA4 /* TOCropViewController-Info.plist */ = {isa = PBXFileReference; lastKnownFileType = text.plist; path = "TOCropViewController-Info.plist"; sourceTree = "<group>"; };
		760637F6C025F736D0EC1B20 /* TOCroppedImageAttributes.m */ = {isa = PBXFileReference; lastKnownFileType = sourcecode.c.objc; path = TOCroppedImageAttributes.m; sourceTree = "<group>"; };
		78708F5185406C13596E8DE5 /* it */ = {isa = PBXFileReference; lastKnownFileType = text.plist.strings; name = it; path = it.lproj/TOCropViewControllerLocalizable.strings; sourceTree = "<group>"; };
		7F6720AD1F927E3F1EBE6811 /* TOCropScrollView.h */ = {isa = PBXFileReference; lastKnownFileType = sourcecode.c.h; path = TOCropScrollView.h; sourceTree = "<group>"; };
		82783D35404F9258B3E7694F /* TOCropViewControllerTransitioning.m */ = {isa = PBXFileReference; lastKnownFileType = sourcecode.c.objc; path = TOCropViewControllerTransitioning.m; sourceTree = "<group>"; };
		8529F711CD5DD3512CE75BC4 /* TOCropScrollView.m */ = {isa = PBXFileReference; lastKnownFileType = sourcecode.c.objc; path = TOCropScrollView.m; sourceTree = "<group>"; };
		86D6A208272C9123B7D80AD4 /* Base */ = {isa = PBXFileReference; lastKnownFileType = text.plist.strings; name = Base; path = Base.lproj/TOCropViewControllerLocalizable.strings; sourceTree = "<group>"; };
		9842AAD625607097CD63AF60 /* TOCropViewConstants.h */ = {isa = PBXFileReference; lastKnownFileType = sourcecode.c.h; path = TOCropViewConstants.h; sourceTree = "<group>"; };
		98FA8D1566DDA340FD90D640 /* zh-Hans */ = {isa = PBXFileReference; lastKnownFileType = text.plist.strings; name = "zh-Hans"; path = "zh-Hans.lproj/TOCropViewControllerLocalizable.strings"; sourceTree = "<group>"; };
		9F1CAF1E2B45BEE3FB2BA6CD /* TOCroppedImageAttributes.h */ = {isa = PBXFileReference; lastKnownFileType = sourcecode.c.h; path = TOCroppedImageAttributes.h; sourceTree = "<group>"; };
		A67FFCCBD76016D90B199578 /* uk */ = {isa = PBXFileReference; lastKnownFileType = text.plist.strings; name = uk; path = uk.lproj/TOCropViewControllerLocalizable.strings; sourceTree = "<group>"; };
		B1319F3D70F73E73F116A31E /* TOActivityCroppedImageProvider.m */ = {isa = PBXFileReference; lastKnownFileType = sourcecode.c.objc; path = TOActivityCroppedImageProvider.m; sourceTree = "<group>"; };
		BA54176F7D2D01B25CE661C5 /* fr */ = {isa = PBXFileReference; lastKnownFileType = text.plist.strings; name = fr; path = fr.lproj/TOCropViewControllerLocalizable.strings; sourceTree = "<group>"; };
		BC4AEF7D42571EDD78438F06 /* ro */ = {isa = PBXFileReference; lastKnownFileType = text.plist.strings; name = ro; path = ro.lproj/TOCropViewControllerLocalizable.strings; sourceTree = "<group>"; };
		BF8A00C614990FFE8BFDEC30 /* TOCropViewController.m */ = {isa = PBXFileReference; lastKnownFileType = sourcecode.c.objc; path = TOCropViewController.m; sourceTree = "<group>"; };
		BFF43BE94858678955C0FC55 /* ja */ = {isa = PBXFileReference; lastKnownFileType = text.plist.strings; name = ja; path = ja.lproj/TOCropViewControllerLocalizable.strings; sourceTree = "<group>"; };
		C306BBCD548EABAFBB50F5CA /* TuistBundle+TOCropViewController.swift */ = {isa = PBXFileReference; lastKnownFileType = sourcecode.swift; path = "TuistBundle+TOCropViewController.swift"; sourceTree = "<group>"; };
		C76498B276F446667BAE4E98 /* TOCropViewController.framework */ = {isa = PBXFileReference; explicitFileType = wrapper.framework; includeInIndex = 0; path = TOCropViewController.framework; sourceTree = BUILT_PRODUCTS_DIR; };
		CB3649BF443FF75FD79B2012 /* TOCropToolbar.h */ = {isa = PBXFileReference; lastKnownFileType = sourcecode.c.h; path = TOCropToolbar.h; sourceTree = "<group>"; };
		D0020AC3800D93326EB13799 /* fa */ = {isa = PBXFileReference; lastKnownFileType = text.plist.strings; name = fa; path = fa.lproj/TOCropViewControllerLocalizable.strings; sourceTree = "<group>"; };
		D374A50D680453AA75D8A247 /* TOCropView.m */ = {isa = PBXFileReference; lastKnownFileType = sourcecode.c.objc; path = TOCropView.m; sourceTree = "<group>"; };
		D6FC8282EBA9D5F11452A409 /* TOCropViewController.h */ = {isa = PBXFileReference; lastKnownFileType = sourcecode.c.h; path = TOCropViewController.h; sourceTree = "<group>"; };
		DF865516E66DBCA3E766F619 /* de */ = {isa = PBXFileReference; lastKnownFileType = text.plist.strings; name = de; path = de.lproj/TOCropViewControllerLocalizable.strings; sourceTree = "<group>"; };
		E0B7D753F1155F8D8F4CEB68 /* pt-BR */ = {isa = PBXFileReference; lastKnownFileType = text.plist.strings; name = "pt-BR"; path = "pt-BR.lproj/TOCropViewControllerLocalizable.strings"; sourceTree = "<group>"; };
		E1812C210DD41694D1C966A3 /* hu */ = {isa = PBXFileReference; lastKnownFileType = text.plist.strings; name = hu; path = hu.lproj/TOCropViewControllerLocalizable.strings; sourceTree = "<group>"; };
		E30CEF297A81A3532B780418 /* nl */ = {isa = PBXFileReference; lastKnownFileType = text.plist.strings; name = nl; path = nl.lproj/TOCropViewControllerLocalizable.strings; sourceTree = "<group>"; };
		E8D89C0E70154106577F6D4B /* ms */ = {isa = PBXFileReference; lastKnownFileType = text.plist.strings; name = ms; path = ms.lproj/TOCropViewControllerLocalizable.strings; sourceTree = "<group>"; };
		F2E64649A6FBBF1F7110A957 /* ko */ = {isa = PBXFileReference; lastKnownFileType = text.plist.strings; name = ko; path = ko.lproj/TOCropViewControllerLocalizable.strings; sourceTree = "<group>"; };
		F7BB3E32C151CAC65C42D6BD /* fa-IR */ = {isa = PBXFileReference; lastKnownFileType = text.plist.strings; name = "fa-IR"; path = "fa-IR.lproj/TOCropViewControllerLocalizable.strings"; sourceTree = "<group>"; };
		FEBA004DC987DCFB30A0BF36 /* TOCropViewController_TOCropViewController-Info.plist */ = {isa = PBXFileReference; lastKnownFileType = text.plist; path = "TOCropViewController_TOCropViewController-Info.plist"; sourceTree = "<group>"; };
		FFE04F13FC11F5D11E93FA1F /* ar */ = {isa = PBXFileReference; lastKnownFileType = text.plist.strings; name = ar; path = ar.lproj/TOCropViewControllerLocalizable.strings; sourceTree = "<group>"; };
/* End PBXFileReference section */

/* Begin PBXFrameworksBuildPhase section */
		10DDC5CB91AE1DA5FE5AC9B2 /* Frameworks */ = {
			isa = PBXFrameworksBuildPhase;
			buildActionMask = 2147483647;
			files = (
			);
			runOnlyForDeploymentPostprocessing = 0;
		};
		53652DC546E7A9C5BB8A1F0D /* Frameworks */ = {
			isa = PBXFrameworksBuildPhase;
			buildActionMask = 2147483647;
			files = (
			);
			runOnlyForDeploymentPostprocessing = 0;
		};
		FD96B672D09844CA89CE679F /* Frameworks */ = {
			isa = PBXFrameworksBuildPhase;
			buildActionMask = 2147483647;
			files = (
			);
			runOnlyForDeploymentPostprocessing = 0;
		};
/* End PBXFrameworksBuildPhase section */

/* Begin PBXGroup section */
		01E67BF5B6595398640B10EF /* Objective-C */ = {
			isa = PBXGroup;
			children = (
				554386B2B63E6154AD41C819 /* TOCropViewController */,
			);
			path = "Objective-C";
			sourceTree = "<group>";
		};
		0DE8EF3120489E1F18157A7E /* include */ = {
			isa = PBXGroup;
			children = (
				98970B6ED59897C26ACF299D /* TOCropViewController */,
			);
			path = include;
			sourceTree = "<group>";
		};
		13C8C28F099DCA1783154A32 = {
			isa = PBXGroup;
			children = (
				947C818E27011A79DEA44D84 /* Project */,
				5C6ED3EDA52458E353EDD076 /* Frameworks */,
				74E648EB9926DB70E6A8E84F /* Products */,
			);
			sourceTree = "<group>";
		};
		26CBDB9F4D17481D9D52B94F /* Swift */ = {
			isa = PBXGroup;
			children = (
				51C37F881C7542ABD3F014E3 /* CropViewController */,
			);
			path = Swift;
			sourceTree = "<group>";
		};
		2A288F5139FE0DE62C95B549 /* Resources */ = {
			isa = PBXGroup;
			children = (
				0048D89C313D21BE363423E3 /* TOCropViewControllerLocalizable.strings */,
			);
			path = Resources;
			sourceTree = "<group>";
		};
		3AE739E7293FB0B2A6AF7C83 /* Derived */ = {
			isa = PBXGroup;
			children = (
				52D3B849449AD5BEA8CFD2FD /* InfoPlists */,
				8219CEBF19AF70B7C5A6A626 /* Sources */,
			);
			path = Derived;
			sourceTree = "<group>";
		};
		51C37F881C7542ABD3F014E3 /* CropViewController */ = {
			isa = PBXGroup;
			children = (
				6E2217577C8A8465D0B1314C /* CropViewController.swift */,
			);
			path = CropViewController;
			sourceTree = "<group>";
		};
		52D3B849449AD5BEA8CFD2FD /* InfoPlists */ = {
			isa = PBXGroup;
			children = (
				4414B6D93B428BA86A35C771 /* CropViewController-Info.plist */,
				FEBA004DC987DCFB30A0BF36 /* TOCropViewController_TOCropViewController-Info.plist */,
				74F321BFCBD79EE736F24BA4 /* TOCropViewController-Info.plist */,
			);
			path = InfoPlists;
			sourceTree = "<group>";
		};
		554386B2B63E6154AD41C819 /* TOCropViewController */ = {
			isa = PBXGroup;
			children = (
				E2BE6BB0C85A469B46823443 /* Categories */,
				0DE8EF3120489E1F18157A7E /* include */,
				F9D0CB53BB18D5E9B9FEB543 /* Models */,
				2A288F5139FE0DE62C95B549 /* Resources */,
				8FF33A4285E1B6AE774A4D57 /* Views */,
				BF8A00C614990FFE8BFDEC30 /* TOCropViewController.m */,
			);
			path = TOCropViewController;
			sourceTree = "<group>";
		};
		5C6ED3EDA52458E353EDD076 /* Frameworks */ = {
			isa = PBXGroup;
			children = (
			);
			name = Frameworks;
			sourceTree = "<group>";
		};
		74E648EB9926DB70E6A8E84F /* Products */ = {
			isa = PBXGroup;
			children = (
				4B6E49D2A87C78446C637C32 /* CropViewController.framework */,
				34DFB265BA07D217323AAE6C /* TOCropViewController_TOCropViewController.bundle */,
				C76498B276F446667BAE4E98 /* TOCropViewController.framework */,
			);
			name = Products;
			sourceTree = "<group>";
		};
		8219CEBF19AF70B7C5A6A626 /* Sources */ = {
			isa = PBXGroup;
			children = (
				C306BBCD548EABAFBB50F5CA /* TuistBundle+TOCropViewController.swift */,
			);
			path = Sources;
			sourceTree = "<group>";
		};
		8FF33A4285E1B6AE774A4D57 /* Views */ = {
			isa = PBXGroup;
			children = (
				005E10F9C97CB5C7B23F924C /* TOCropOverlayView.m */,
				8529F711CD5DD3512CE75BC4 /* TOCropScrollView.m */,
				0F51802EDD6559571768D4BA /* TOCropToolbar.m */,
				D374A50D680453AA75D8A247 /* TOCropView.m */,
			);
			path = Views;
			sourceTree = "<group>";
		};
		947C818E27011A79DEA44D84 /* Project */ = {
			isa = PBXGroup;
			children = (
				3AE739E7293FB0B2A6AF7C83 /* Derived */,
				01E67BF5B6595398640B10EF /* Objective-C */,
				26CBDB9F4D17481D9D52B94F /* Swift */,
			);
			name = Project;
			sourceTree = "<group>";
		};
		98970B6ED59897C26ACF299D /* TOCropViewController */ = {
			isa = PBXGroup;
			children = (
				01072E0BC095721AC6055643 /* TOActivityCroppedImageProvider.h */,
				0324E6870DE48C8FFDA6CCDE /* TOCropOverlayView.h */,
				9F1CAF1E2B45BEE3FB2BA6CD /* TOCroppedImageAttributes.h */,
				7F6720AD1F927E3F1EBE6811 /* TOCropScrollView.h */,
				CB3649BF443FF75FD79B2012 /* TOCropToolbar.h */,
				05CCBD6A25E8FB9F38A4EB55 /* TOCropView.h */,
				9842AAD625607097CD63AF60 /* TOCropViewConstants.h */,
				D6FC8282EBA9D5F11452A409 /* TOCropViewController.h */,
				27F75DA11FB1757CEBC34CC6 /* TOCropViewControllerTransitioning.h */,
				42E0DE7245954E8E158B7E27 /* UIImage+CropRotate.h */,
			);
			path = TOCropViewController;
			sourceTree = "<group>";
		};
		E2BE6BB0C85A469B46823443 /* Categories */ = {
			isa = PBXGroup;
			children = (
				58D4348DFE3DFA786A8046D1 /* UIImage+CropRotate.m */,
			);
			path = Categories;
			sourceTree = "<group>";
		};
		F9D0CB53BB18D5E9B9FEB543 /* Models */ = {
			isa = PBXGroup;
			children = (
				B1319F3D70F73E73F116A31E /* TOActivityCroppedImageProvider.m */,
				760637F6C025F736D0EC1B20 /* TOCroppedImageAttributes.m */,
				82783D35404F9258B3E7694F /* TOCropViewControllerTransitioning.m */,
			);
			path = Models;
			sourceTree = "<group>";
		};
/* End PBXGroup section */

/* Begin PBXHeadersBuildPhase section */
		E9011D3768EDD48A9DF85E96 /* Headers */ = {
			isa = PBXHeadersBuildPhase;
			buildActionMask = 2147483647;
			files = (
				3EEEF3771F1269A5BD2CEBB2 /* TOActivityCroppedImageProvider.h in Headers */,
				3A28FB3D750D184244D6B6EB /* TOCropOverlayView.h in Headers */,
				648337863419D4E8B10AA6CC /* TOCropScrollView.h in Headers */,
				570302EF81AA440CE8F09893 /* TOCropToolbar.h in Headers */,
				205325D036B3C53F57BDE2B3 /* TOCropView.h in Headers */,
				B892B07743863ACCE54BBA64 /* TOCropViewConstants.h in Headers */,
				353B9CBAD0CE4B2D887DA769 /* TOCropViewController.h in Headers */,
				6EE0BB6529CB1769AB43156F /* TOCropViewControllerTransitioning.h in Headers */,
				B076B20EABC94044CD228027 /* TOCroppedImageAttributes.h in Headers */,
				8F8AC6C5D207E3113BCFB31C /* UIImage+CropRotate.h in Headers */,
			);
			runOnlyForDeploymentPostprocessing = 0;
		};
/* End PBXHeadersBuildPhase section */

/* Begin PBXNativeTarget section */
		5E5305F46DD0090177AD2B7F /* CropViewController */ = {
			isa = PBXNativeTarget;
			buildConfigurationList = 7B227592E70B2EE60F5736C8 /* Build configuration list for PBXNativeTarget "CropViewController" */;
			buildPhases = (
				BD3CFEC419D7A3EED8E2E8F2 /* Sources */,
				E83FA9B9E11340DDE1E885BD /* Resources */,
				1A76FCCD60B929FC02B0793D /* Embed Frameworks */,
				53652DC546E7A9C5BB8A1F0D /* Frameworks */,
				53FF1A09A6143CA8E8A87B4C /* Dependencies */,
			);
			buildRules = (
			);
			dependencies = (
				CD061B7A3FCF14EA1B19ADC5 /* PBXTargetDependency */,
			);
			name = CropViewController;
			productName = CropViewController;
			productReference = 4B6E49D2A87C78446C637C32 /* CropViewController.framework */;
			productType = "com.apple.product-type.framework";
		};
		82BA6D7F8AA383EC7CB760ED /* TOCropViewController_TOCropViewController */ = {
			isa = PBXNativeTarget;
			buildConfigurationList = E5C316EA71D77A47C32DD54C /* Build configuration list for PBXNativeTarget "TOCropViewController_TOCropViewController" */;
			buildPhases = (
				8E94A673A27FBBDD608DF97A /* Resources */,
				0427D21B5C761147745E8ADD /* Embed Frameworks */,
				10DDC5CB91AE1DA5FE5AC9B2 /* Frameworks */,
			);
			buildRules = (
			);
			dependencies = (
			);
			name = TOCropViewController_TOCropViewController;
			productName = TOCropViewController_TOCropViewController;
			productReference = 34DFB265BA07D217323AAE6C /* TOCropViewController_TOCropViewController.bundle */;
			productType = "com.apple.product-type.bundle";
		};
		A8E406F427F8A8217D5A7535 /* TOCropViewController */ = {
			isa = PBXNativeTarget;
			buildConfigurationList = 6E80A44A814BB5BFC453EF2E /* Build configuration list for PBXNativeTarget "TOCropViewController" */;
			buildPhases = (
				E9011D3768EDD48A9DF85E96 /* Headers */,
				999A99E9DA6668DAC30D9F63 /* Sources */,
				56D46E06038B5E4D55879179 /* Resources */,
				BD68F1FDDABFA619F81012E7 /* Embed Frameworks */,
				FD96B672D09844CA89CE679F /* Frameworks */,
			);
			buildRules = (
			);
			dependencies = (
				F04307E8F336F8672886F4BC /* PBXTargetDependency */,
			);
			name = TOCropViewController;
			productName = TOCropViewController;
			productReference = C76498B276F446667BAE4E98 /* TOCropViewController.framework */;
			productType = "com.apple.product-type.framework";
		};
/* End PBXNativeTarget section */

/* Begin PBXProject section */
		68579900D80B8197EC78A27A /* Project object */ = {
			isa = PBXProject;
			attributes = {
				LastUpgradeCheck = 9999;
				TargetAttributes = {
				};
			};
			buildConfigurationList = 3025C8CE369BA38053A5EEAD /* Build configuration list for PBXProject "TOCropViewController" */;
			compatibilityVersion = "Xcode 13.0";
			developmentRegion = en;
			hasScannedForEncodings = 0;
			knownRegions = (
				Base,
				ar,
				ca,
				cs,
				"da-DK",
				de,
				en,
				es,
				fa,
				"fa-IR",
				fi,
				fr,
				hu,
				id,
				it,
				ja,
				ko,
				ms,
				nl,
				pl,
				pt,
				"pt-BR",
				ro,
				ru,
				sk,
				tr,
				uk,
				vi,
				"zh-Hans",
				"zh-Hant",
			);
			mainGroup = 13C8C28F099DCA1783154A32;
			productRefGroup = 74E648EB9926DB70E6A8E84F /* Products */;
			projectDirPath = "";
			projectRoot = "";
			targets = (
				A8E406F427F8A8217D5A7535 /* TOCropViewController */,
				82BA6D7F8AA383EC7CB760ED /* TOCropViewController_TOCropViewController */,
				5E5305F46DD0090177AD2B7F /* CropViewController */,
			);
		};
/* End PBXProject section */

/* Begin PBXResourcesBuildPhase section */
		56D46E06038B5E4D55879179 /* Resources */ = {
			isa = PBXResourcesBuildPhase;
			buildActionMask = 2147483647;
			files = (
			);
			runOnlyForDeploymentPostprocessing = 0;
		};
		8E94A673A27FBBDD608DF97A /* Resources */ = {
			isa = PBXResourcesBuildPhase;
			buildActionMask = 2147483647;
			files = (
				00C650112A1094E3FBEDC40E /* TOCropViewControllerLocalizable.strings in Resources */,
			);
			runOnlyForDeploymentPostprocessing = 0;
		};
		E83FA9B9E11340DDE1E885BD /* Resources */ = {
			isa = PBXResourcesBuildPhase;
			buildActionMask = 2147483647;
			files = (
			);
			runOnlyForDeploymentPostprocessing = 0;
		};
/* End PBXResourcesBuildPhase section */

/* Begin PBXSourcesBuildPhase section */
		999A99E9DA6668DAC30D9F63 /* Sources */ = {
			isa = PBXSourcesBuildPhase;
			buildActionMask = 2147483647;
			files = (
				EDC6EB519C450C2B6A438824 /* TuistBundle+TOCropViewController.swift in Sources */,
				82A355738C5FDFB4C2AA42BC /* UIImage+CropRotate.m in Sources */,
				D438796FFD4431D3AA2A7746 /* TOActivityCroppedImageProvider.m in Sources */,
				DC6E0D558F1D0EA866B5C186 /* TOCropViewControllerTransitioning.m in Sources */,
				B501976C9B84BECA6B8772D7 /* TOCroppedImageAttributes.m in Sources */,
				DC92FF0A745000AD467E57D9 /* TOCropViewController.m in Sources */,
				F31F438AC893B7AD996590F3 /* TOCropOverlayView.m in Sources */,
				1A923722BF566896119B6B50 /* TOCropScrollView.m in Sources */,
				412377F2BEBFA0ABD6C9AD5A /* TOCropToolbar.m in Sources */,
				52062BF463B507E7FD1FE8B3 /* TOCropView.m in Sources */,
			);
			runOnlyForDeploymentPostprocessing = 0;
		};
		BD3CFEC419D7A3EED8E2E8F2 /* Sources */ = {
			isa = PBXSourcesBuildPhase;
			buildActionMask = 2147483647;
			files = (
				AA979F6C6A76DD99DBB059EC /* CropViewController.swift in Sources */,
			);
			runOnlyForDeploymentPostprocessing = 0;
		};
/* End PBXSourcesBuildPhase section */

/* Begin PBXTargetDependency section */
		CD061B7A3FCF14EA1B19ADC5 /* PBXTargetDependency */ = {
			isa = PBXTargetDependency;
			name = TOCropViewController;
			target = A8E406F427F8A8217D5A7535 /* TOCropViewController */;
			targetProxy = 100B16408BAE68A54AE68F0B /* PBXContainerItemProxy */;
		};
		F04307E8F336F8672886F4BC /* PBXTargetDependency */ = {
			isa = PBXTargetDependency;
			name = TOCropViewController_TOCropViewController;
			target = 82BA6D7F8AA383EC7CB760ED /* TOCropViewController_TOCropViewController */;
			targetProxy = 6B4D8DA18231AACE34A36D9A /* PBXContainerItemProxy */;
		};
/* End PBXTargetDependency section */

/* Begin PBXVariantGroup section */
		0048D89C313D21BE363423E3 /* TOCropViewControllerLocalizable.strings */ = {
			isa = PBXVariantGroup;
			children = (
				FFE04F13FC11F5D11E93FA1F /* ar */,
				86D6A208272C9123B7D80AD4 /* Base */,
				0EA7C311C6A60F9131DB6CFF /* ca */,
				722CAB3D7197ADA750159ED6 /* cs */,
				15B66BCC0FFE54FA316F5233 /* da-DK */,
				DF865516E66DBCA3E766F619 /* de */,
				191E2CCF59EA598427559B41 /* en */,
				4B6448EC2310523905169532 /* es */,
				D0020AC3800D93326EB13799 /* fa */,
				F7BB3E32C151CAC65C42D6BD /* fa-IR */,
				1DC04237109D780B76DBA677 /* fi */,
				BA54176F7D2D01B25CE661C5 /* fr */,
				E1812C210DD41694D1C966A3 /* hu */,
				4CB8FDDB4A788900FD2A4C47 /* id */,
				78708F5185406C13596E8DE5 /* it */,
				BFF43BE94858678955C0FC55 /* ja */,
				F2E64649A6FBBF1F7110A957 /* ko */,
				E8D89C0E70154106577F6D4B /* ms */,
				E30CEF297A81A3532B780418 /* nl */,
				6D893CD6E6994E656E1D0271 /* pl */,
				07B354AB3B8FCD47761B806A /* pt */,
				E0B7D753F1155F8D8F4CEB68 /* pt-BR */,
				BC4AEF7D42571EDD78438F06 /* ro */,
				5723AAA67AF2FEAC6F47EE1E /* ru */,
				2AF52B0C4BA3FE9539FBDD98 /* sk */,
				15EE5B8028FC20B61F76A08B /* tr */,
				A67FFCCBD76016D90B199578 /* uk */,
				4E32D21588FB68CEE50C429D /* vi */,
				98FA8D1566DDA340FD90D640 /* zh-Hans */,
				0084C2A8004CEF66DB770A55 /* zh-Hant */,
			);
			name = TOCropViewControllerLocalizable.strings;
			sourceTree = "<group>";
		};
/* End PBXVariantGroup section */

/* Begin XCBuildConfiguration section */
		3C82C174BCCAF533937CA619 /* Debug */ = {
			isa = XCBuildConfiguration;
			buildSettings = {
				ALWAYS_SEARCH_USER_PATHS = YES;
				CLANG_ENABLE_OBJC_WEAK = NO;
				CLANG_WARN_QUOTED_INCLUDE_IN_FRAMEWORK_HEADER = NO;
				CODE_SIGN_IDENTITY = "";
				CURRENT_PROJECT_VERSION = 1;
				DEFINES_MODULE = YES;
				DYLIB_COMPATIBILITY_VERSION = 1;
				DYLIB_CURRENT_VERSION = 1;
				DYLIB_INSTALL_NAME_BASE = "@rpath";
				ENABLE_STRICT_OBJC_MSGSEND = NO;
				FRAMEWORK_SEARCH_PATHS = (
					"$(inherited)",
					"$(PLATFORM_DIR)/Developer/Library/Frameworks",
				);
				GCC_NO_COMMON_BLOCKS = NO;
				GCC_PREPROCESSOR_DEFINITIONS = (
					"$(inherited)",
					"SWIFT_PACKAGE=1",
				);
				GCC_WARN_INHIBIT_ALL_WARNINGS = YES;
				HEADER_SEARCH_PATHS = (
					"$(inherited)",
					"$(SRCROOT)/Objective-C/TOCropViewController/include",
				);
				INFOPLIST_FILE = "Derived/InfoPlists/TOCropViewController-Info.plist";
				INSTALL_PATH = "$(LOCAL_LIBRARY_DIR)/Frameworks";
				IPHONEOS_DEPLOYMENT_TARGET = 11.0;
				LD_RUNPATH_SEARCH_PATHS = (
					"$(inherited)",
					"@executable_path/Frameworks",
					"@loader_path/Frameworks",
				);
				MACH_O_TYPE = staticlib;
				PRODUCT_BUNDLE_IDENTIFIER = TOCropViewController;
				PRODUCT_NAME = TOCropViewController;
				SDKROOT = iphoneos;
				SKIP_INSTALL = YES;
				SUPPORTS_MACCATALYST = NO;
				SWIFT_ACTIVE_COMPILATION_CONDITIONS = (
					"$(inherited)",
					DEBUG,
					SWIFT_PACKAGE,
				);
				SWIFT_COMPILATION_MODE = singlefile;
				SWIFT_OPTIMIZATION_LEVEL = "-Onone";
				SWIFT_SUPPRESS_WARNINGS = YES;
				SWIFT_VERSION = 5.0;
				TARGETED_DEVICE_FAMILY = "1,2";
				USE_HEADERMAP = NO;
				VERSIONING_SYSTEM = "apple-generic";
				VERSION_INFO_PREFIX = "";
			};
			name = Debug;
		};
		661D7E1219016CA59E013A1D /* Debug */ = {
			isa = XCBuildConfiguration;
			buildSettings = {
				ALWAYS_SEARCH_USER_PATHS = NO;
				CLANG_ANALYZER_LOCALIZABILITY_NONLOCALIZED = YES;
				CLANG_ANALYZER_NONNULL = YES;
				CLANG_ANALYZER_NUMBER_OBJECT_CONVERSION = YES_AGGRESSIVE;
				CLANG_CXX_LANGUAGE_STANDARD = "gnu++14";
				CLANG_CXX_LIBRARY = "libc++";
				CLANG_ENABLE_MODULES = YES;
				CLANG_ENABLE_OBJC_ARC = YES;
				CLANG_ENABLE_OBJC_WEAK = YES;
				CLANG_WARN_BLOCK_CAPTURE_AUTORELEASING = YES;
				CLANG_WARN_BOOL_CONVERSION = YES;
				CLANG_WARN_COMMA = YES;
				CLANG_WARN_CONSTANT_CONVERSION = YES;
				CLANG_WARN_DEPRECATED_OBJC_IMPLEMENTATIONS = YES;
				CLANG_WARN_DIRECT_OBJC_ISA_USAGE = YES_ERROR;
				CLANG_WARN_DOCUMENTATION_COMMENTS = YES;
				CLANG_WARN_EMPTY_BODY = YES;
				CLANG_WARN_ENUM_CONVERSION = YES;
				CLANG_WARN_INFINITE_RECURSION = YES;
				CLANG_WARN_INT_CONVERSION = YES;
				CLANG_WARN_NON_LITERAL_NULL_CONVERSION = YES;
				CLANG_WARN_OBJC_IMPLICIT_RETAIN_SELF = YES;
				CLANG_WARN_OBJC_LITERAL_CONVERSION = YES;
				CLANG_WARN_OBJC_ROOT_CLASS = YES_ERROR;
				CLANG_WARN_QUOTED_INCLUDE_IN_FRAMEWORK_HEADER = YES;
				CLANG_WARN_RANGE_LOOP_ANALYSIS = YES;
				CLANG_WARN_STRICT_PROTOTYPES = YES;
				CLANG_WARN_SUSPICIOUS_MOVE = YES;
				CLANG_WARN_UNGUARDED_AVAILABILITY = YES_AGGRESSIVE;
				CLANG_WARN_UNREACHABLE_CODE = YES;
				CLANG_WARN__DUPLICATE_METHOD_MATCH = YES;
				COPY_PHASE_STRIP = NO;
				DEAD_CODE_STRIPPING = YES;
				DEBUG_INFORMATION_FORMAT = dwarf;
				ENABLE_STRICT_OBJC_MSGSEND = YES;
				ENABLE_TESTABILITY = YES;
				GCC_C_LANGUAGE_STANDARD = gnu11;
				GCC_DYNAMIC_NO_PIC = NO;
				GCC_NO_COMMON_BLOCKS = YES;
				GCC_OPTIMIZATION_LEVEL = 0;
				GCC_PREPROCESSOR_DEFINITIONS = (
					"DEBUG=1",
					"$(inherited)",
				);
				GCC_WARN_64_TO_32_BIT_CONVERSION = YES;
				GCC_WARN_ABOUT_RETURN_TYPE = YES_ERROR;
				GCC_WARN_UNDECLARED_SELECTOR = YES;
				GCC_WARN_UNINITIALIZED_AUTOS = YES_AGGRESSIVE;
				GCC_WARN_UNUSED_FUNCTION = YES;
				GCC_WARN_UNUSED_VARIABLE = YES;
				MTL_ENABLE_DEBUG_INFO = YES;
				ONLY_ACTIVE_ARCH = YES;
				PRODUCT_NAME = "$(TARGET_NAME)";
			};
			name = Debug;
		};
		6B186E74AF0303C5F92B3238 /* Release */ = {
			isa = XCBuildConfiguration;
			buildSettings = {
				ALWAYS_SEARCH_USER_PATHS = YES;
				CLANG_ENABLE_OBJC_WEAK = NO;
				CLANG_WARN_QUOTED_INCLUDE_IN_FRAMEWORK_HEADER = NO;
				CODE_SIGN_IDENTITY = "";
				CURRENT_PROJECT_VERSION = 1;
				DEFINES_MODULE = YES;
				DYLIB_COMPATIBILITY_VERSION = 1;
				DYLIB_CURRENT_VERSION = 1;
				DYLIB_INSTALL_NAME_BASE = "@rpath";
				ENABLE_STRICT_OBJC_MSGSEND = NO;
				FRAMEWORK_SEARCH_PATHS = (
					"$(inherited)",
					"$(PLATFORM_DIR)/Developer/Library/Frameworks",
				);
				GCC_NO_COMMON_BLOCKS = NO;
				GCC_PREPROCESSOR_DEFINITIONS = (
					"$(inherited)",
					"SWIFT_PACKAGE=1",
				);
				GCC_WARN_INHIBIT_ALL_WARNINGS = YES;
				INFOPLIST_FILE = "Derived/InfoPlists/CropViewController-Info.plist";
				INSTALL_PATH = "$(LOCAL_LIBRARY_DIR)/Frameworks";
				IPHONEOS_DEPLOYMENT_TARGET = 11.0;
				LD_RUNPATH_SEARCH_PATHS = (
					"$(inherited)",
					"@executable_path/Frameworks",
					"@loader_path/Frameworks",
				);
				MACH_O_TYPE = staticlib;
				PRODUCT_BUNDLE_IDENTIFIER = CropViewController;
				PRODUCT_NAME = CropViewController;
				SDKROOT = iphoneos;
				SKIP_INSTALL = YES;
				SUPPORTS_MACCATALYST = NO;
				SWIFT_ACTIVE_COMPILATION_CONDITIONS = (
					"$(inherited)",
					SWIFT_PACKAGE,
				);
				SWIFT_COMPILATION_MODE = wholemodule;
				SWIFT_OPTIMIZATION_LEVEL = "-Owholemodule";
				SWIFT_SUPPRESS_WARNINGS = YES;
				SWIFT_VERSION = 5.0;
				TARGETED_DEVICE_FAMILY = "1,2";
				USE_HEADERMAP = NO;
				VERSIONING_SYSTEM = "apple-generic";
				VERSION_INFO_PREFIX = "";
			};
			name = Release;
		};
		8723345EEEFECA216A623622 /* Release */ = {
			isa = XCBuildConfiguration;
			buildSettings = {
				CODE_SIGNING_ALLOWED = NO;
				CODE_SIGN_IDENTITY = "iPhone Developer";
				INFOPLIST_FILE = "Derived/InfoPlists/TOCropViewController_TOCropViewController-Info.plist";
				IPHONEOS_DEPLOYMENT_TARGET = 11.0;
				PRODUCT_BUNDLE_IDENTIFIER = TOCropViewController.resources;
				PRODUCT_NAME = TOCropViewController_TOCropViewController;
				SDKROOT = iphoneos;
				SUPPORTS_MACCATALYST = NO;
				SWIFT_COMPILATION_MODE = wholemodule;
				SWIFT_OPTIMIZATION_LEVEL = "-Owholemodule";
				SWIFT_VERSION = 5.0;
				TARGETED_DEVICE_FAMILY = "1,2";
			};
			name = Release;
		};
		989A5B470EC1E4C81BD69A47 /* Release */ = {
			isa = XCBuildConfiguration;
			buildSettings = {
				ALWAYS_SEARCH_USER_PATHS = NO;
				CLANG_ANALYZER_LOCALIZABILITY_NONLOCALIZED = YES;
				CLANG_ANALYZER_NONNULL = YES;
				CLANG_ANALYZER_NUMBER_OBJECT_CONVERSION = YES_AGGRESSIVE;
				CLANG_CXX_LANGUAGE_STANDARD = "gnu++14";
				CLANG_CXX_LIBRARY = "libc++";
				CLANG_ENABLE_MODULES = YES;
				CLANG_ENABLE_OBJC_ARC = YES;
				CLANG_ENABLE_OBJC_WEAK = YES;
				CLANG_WARN_BLOCK_CAPTURE_AUTORELEASING = YES;
				CLANG_WARN_BOOL_CONVERSION = YES;
				CLANG_WARN_COMMA = YES;
				CLANG_WARN_CONSTANT_CONVERSION = YES;
				CLANG_WARN_DEPRECATED_OBJC_IMPLEMENTATIONS = YES;
				CLANG_WARN_DIRECT_OBJC_ISA_USAGE = YES_ERROR;
				CLANG_WARN_DOCUMENTATION_COMMENTS = YES;
				CLANG_WARN_EMPTY_BODY = YES;
				CLANG_WARN_ENUM_CONVERSION = YES;
				CLANG_WARN_INFINITE_RECURSION = YES;
				CLANG_WARN_INT_CONVERSION = YES;
				CLANG_WARN_NON_LITERAL_NULL_CONVERSION = YES;
				CLANG_WARN_OBJC_IMPLICIT_RETAIN_SELF = YES;
				CLANG_WARN_OBJC_LITERAL_CONVERSION = YES;
				CLANG_WARN_OBJC_ROOT_CLASS = YES_ERROR;
				CLANG_WARN_QUOTED_INCLUDE_IN_FRAMEWORK_HEADER = YES;
				CLANG_WARN_RANGE_LOOP_ANALYSIS = YES;
				CLANG_WARN_STRICT_PROTOTYPES = YES;
				CLANG_WARN_SUSPICIOUS_MOVE = YES;
				CLANG_WARN_UNGUARDED_AVAILABILITY = YES_AGGRESSIVE;
				CLANG_WARN_UNREACHABLE_CODE = YES;
				CLANG_WARN__DUPLICATE_METHOD_MATCH = YES;
				COPY_PHASE_STRIP = NO;
				DEAD_CODE_STRIPPING = YES;
				DEBUG_INFORMATION_FORMAT = "dwarf-with-dsym";
				ENABLE_NS_ASSERTIONS = NO;
				ENABLE_STRICT_OBJC_MSGSEND = YES;
				GCC_C_LANGUAGE_STANDARD = gnu11;
				GCC_NO_COMMON_BLOCKS = YES;
				GCC_WARN_64_TO_32_BIT_CONVERSION = YES;
				GCC_WARN_ABOUT_RETURN_TYPE = YES_ERROR;
				GCC_WARN_UNDECLARED_SELECTOR = YES;
				GCC_WARN_UNINITIALIZED_AUTOS = YES_AGGRESSIVE;
				GCC_WARN_UNUSED_FUNCTION = YES;
				GCC_WARN_UNUSED_VARIABLE = YES;
				MTL_ENABLE_DEBUG_INFO = NO;
				PRODUCT_NAME = "$(TARGET_NAME)";
				VALIDATE_PRODUCT = YES;
			};
			name = Release;
		};
		B8794D5F240F9CE8F747AD5F /* Release */ = {
			isa = XCBuildConfiguration;
			buildSettings = {
				ALWAYS_SEARCH_USER_PATHS = YES;
				CLANG_ENABLE_OBJC_WEAK = NO;
				CLANG_WARN_QUOTED_INCLUDE_IN_FRAMEWORK_HEADER = NO;
				CODE_SIGN_IDENTITY = "";
				CURRENT_PROJECT_VERSION = 1;
				DEFINES_MODULE = YES;
				DYLIB_COMPATIBILITY_VERSION = 1;
				DYLIB_CURRENT_VERSION = 1;
				DYLIB_INSTALL_NAME_BASE = "@rpath";
				ENABLE_STRICT_OBJC_MSGSEND = NO;
				FRAMEWORK_SEARCH_PATHS = (
					"$(inherited)",
					"$(PLATFORM_DIR)/Developer/Library/Frameworks",
				);
				GCC_NO_COMMON_BLOCKS = NO;
				GCC_PREPROCESSOR_DEFINITIONS = (
					"$(inherited)",
					"SWIFT_PACKAGE=1",
				);
				GCC_WARN_INHIBIT_ALL_WARNINGS = YES;
				HEADER_SEARCH_PATHS = (
					"$(inherited)",
					"$(SRCROOT)/Objective-C/TOCropViewController/include",
				);
				INFOPLIST_FILE = "Derived/InfoPlists/TOCropViewController-Info.plist";
				INSTALL_PATH = "$(LOCAL_LIBRARY_DIR)/Frameworks";
				IPHONEOS_DEPLOYMENT_TARGET = 11.0;
				LD_RUNPATH_SEARCH_PATHS = (
					"$(inherited)",
					"@executable_path/Frameworks",
					"@loader_path/Frameworks",
				);
				MACH_O_TYPE = staticlib;
				PRODUCT_BUNDLE_IDENTIFIER = TOCropViewController;
				PRODUCT_NAME = TOCropViewController;
				SDKROOT = iphoneos;
				SKIP_INSTALL = YES;
				SUPPORTS_MACCATALYST = NO;
				SWIFT_ACTIVE_COMPILATION_CONDITIONS = (
					"$(inherited)",
					SWIFT_PACKAGE,
				);
				SWIFT_COMPILATION_MODE = wholemodule;
				SWIFT_OPTIMIZATION_LEVEL = "-Owholemodule";
				SWIFT_SUPPRESS_WARNINGS = YES;
				SWIFT_VERSION = 5.0;
				TARGETED_DEVICE_FAMILY = "1,2";
				USE_HEADERMAP = NO;
				VERSIONING_SYSTEM = "apple-generic";
				VERSION_INFO_PREFIX = "";
			};
			name = Release;
		};
		D4F62E4360C3E58227931303 /* Debug */ = {
			isa = XCBuildConfiguration;
			buildSettings = {
				ALWAYS_SEARCH_USER_PATHS = YES;
				CLANG_ENABLE_OBJC_WEAK = NO;
				CLANG_WARN_QUOTED_INCLUDE_IN_FRAMEWORK_HEADER = NO;
				CODE_SIGN_IDENTITY = "";
				CURRENT_PROJECT_VERSION = 1;
				DEFINES_MODULE = YES;
				DYLIB_COMPATIBILITY_VERSION = 1;
				DYLIB_CURRENT_VERSION = 1;
				DYLIB_INSTALL_NAME_BASE = "@rpath";
				ENABLE_STRICT_OBJC_MSGSEND = NO;
				FRAMEWORK_SEARCH_PATHS = (
					"$(inherited)",
					"$(PLATFORM_DIR)/Developer/Library/Frameworks",
				);
				GCC_NO_COMMON_BLOCKS = NO;
				GCC_PREPROCESSOR_DEFINITIONS = (
					"$(inherited)",
					"SWIFT_PACKAGE=1",
				);
				GCC_WARN_INHIBIT_ALL_WARNINGS = YES;
				INFOPLIST_FILE = "Derived/InfoPlists/CropViewController-Info.plist";
				INSTALL_PATH = "$(LOCAL_LIBRARY_DIR)/Frameworks";
				IPHONEOS_DEPLOYMENT_TARGET = 11.0;
				LD_RUNPATH_SEARCH_PATHS = (
					"$(inherited)",
					"@executable_path/Frameworks",
					"@loader_path/Frameworks",
				);
				MACH_O_TYPE = staticlib;
				PRODUCT_BUNDLE_IDENTIFIER = CropViewController;
				PRODUCT_NAME = CropViewController;
				SDKROOT = iphoneos;
				SKIP_INSTALL = YES;
				SUPPORTS_MACCATALYST = NO;
				SWIFT_ACTIVE_COMPILATION_CONDITIONS = (
					"$(inherited)",
					DEBUG,
					SWIFT_PACKAGE,
				);
				SWIFT_COMPILATION_MODE = singlefile;
				SWIFT_OPTIMIZATION_LEVEL = "-Onone";
				SWIFT_SUPPRESS_WARNINGS = YES;
				SWIFT_VERSION = 5.0;
				TARGETED_DEVICE_FAMILY = "1,2";
				USE_HEADERMAP = NO;
				VERSIONING_SYSTEM = "apple-generic";
				VERSION_INFO_PREFIX = "";
			};
			name = Debug;
		};
		D6E988A6578E53F308CB50DD /* Debug */ = {
			isa = XCBuildConfiguration;
			buildSettings = {
				CODE_SIGNING_ALLOWED = NO;
				CODE_SIGN_IDENTITY = "iPhone Developer";
				INFOPLIST_FILE = "Derived/InfoPlists/TOCropViewController_TOCropViewController-Info.plist";
				IPHONEOS_DEPLOYMENT_TARGET = 11.0;
				PRODUCT_BUNDLE_IDENTIFIER = TOCropViewController.resources;
				PRODUCT_NAME = TOCropViewController_TOCropViewController;
				SDKROOT = iphoneos;
				SUPPORTS_MACCATALYST = NO;
				SWIFT_ACTIVE_COMPILATION_CONDITIONS = DEBUG;
				SWIFT_COMPILATION_MODE = singlefile;
				SWIFT_OPTIMIZATION_LEVEL = "-Onone";
				SWIFT_VERSION = 5.0;
				TARGETED_DEVICE_FAMILY = "1,2";
			};
			name = Debug;
		};
/* End XCBuildConfiguration section */

/* Begin XCConfigurationList section */
		3025C8CE369BA38053A5EEAD /* Build configuration list for PBXProject "TOCropViewController" */ = {
			isa = XCConfigurationList;
			buildConfigurations = (
				661D7E1219016CA59E013A1D /* Debug */,
				989A5B470EC1E4C81BD69A47 /* Release */,
			);
			defaultConfigurationIsVisible = 0;
			defaultConfigurationName = Release;
		};
		6E80A44A814BB5BFC453EF2E /* Build configuration list for PBXNativeTarget "TOCropViewController" */ = {
			isa = XCConfigurationList;
			buildConfigurations = (
				3C82C174BCCAF533937CA619 /* Debug */,
				B8794D5F240F9CE8F747AD5F /* Release */,
			);
			defaultConfigurationIsVisible = 0;
			defaultConfigurationName = Release;
		};
		7B227592E70B2EE60F5736C8 /* Build configuration list for PBXNativeTarget "CropViewController" */ = {
			isa = XCConfigurationList;
			buildConfigurations = (
				D4F62E4360C3E58227931303 /* Debug */,
				6B186E74AF0303C5F92B3238 /* Release */,
			);
			defaultConfigurationIsVisible = 0;
			defaultConfigurationName = Release;
		};
		E5C316EA71D77A47C32DD54C /* Build configuration list for PBXNativeTarget "TOCropViewController_TOCropViewController" */ = {
			isa = XCConfigurationList;
			buildConfigurations = (
				D6E988A6578E53F308CB50DD /* Debug */,
				8723345EEEFECA216A623622 /* Release */,
			);
			defaultConfigurationIsVisible = 0;
			defaultConfigurationName = Release;
		};
/* End XCConfigurationList section */
	};
	rootObject = 68579900D80B8197EC78A27A /* Project object */;
}
